
Microsoft Visual Studio Solution File, Format Version 12.00
# Visual Studio Version 17
VisualStudioVersion = 17.6.33723.286
MinimumVisualStudioVersion = 10.0.40219.1
Project("{FAE04EC0-301F-11D3-BF4B-00C04F79EFBC}") = "CorrectCodeLibrary", "CorrectCode\CorrectCodeLibrary.csproj", "{632DFF26-CD25-430B-89F4-D06FD664877F}"
EndProject
Project("{FAE04EC0-301F-11D3-BF4B-00C04F79EFBC}") = "CorrectCodeLibraryTests", "CorrectCodeLibraryTests\CorrectCodeLibraryTests.csproj", "{64572522-7445-4ECF-A00A-062C568DAC09}"
EndProject
Global
	GlobalSection(SolutionConfigurationPlatforms) = preSolution
		Debug|Any CPU = Debug|Any CPU
		Release|Any CPU = Release|Any CPU
	EndGlobalSection
	GlobalSection(ProjectConfigurationPlatforms) = postSolution
		{632DFF26-CD25-430B-89F4-D06FD664877F}.Debug|Any CPU.ActiveCfg = Debug|Any CPU
		{632DFF26-CD25-430B-89F4-D06FD664877F}.Debug|Any CPU.Build.0 = Debug|Any CPU
		{632DFF26-CD25-430B-89F4-D06FD664877F}.Release|Any CPU.ActiveCfg = Release|Any CPU
		{632DFF26-CD25-430B-89F4-D06FD664877F}.Release|Any CPU.Build.0 = Release|Any CPU
		{64572522-7445-4ECF-A00A-062C568DAC09}.Debug|Any CPU.ActiveCfg = Debug|Any CPU
		{64572522-7445-4ECF-A00A-062C568DAC09}.Debug|Any CPU.Build.0 = Debug|Any CPU
		{64572522-7445-4ECF-A00A-062C568DAC09}.Release|Any CPU.ActiveCfg = Release|Any CPU
		{64572522-7445-4ECF-A00A-062C568DAC09}.Release|Any CPU.Build.0 = Release|Any CPU
	EndGlobalSection
	GlobalSection(SolutionProperties) = preSolution
		HideSolutionNode = FALSE
	EndGlobalSection
	GlobalSection(ExtensibilityGlobals) = postSolution
		SolutionGuid = {BF75B3A6-A05E-4BC6-9E61-E5882D7576E6}
	EndGlobalSection
EndGlobal
